{
  "name": "wasd-emulator",
  "lockfileVersion": 3,
  "requires": true,
  "packages": {
    "": {
      "dependencies": {
        "dialog-node": "^0.2.1"
      }
    },
    "node_modules/dialog-node": {
      "version": "0.2.1",
      "resolved": "https://registry.npmjs.org/dialog-node/-/dialog-node-0.2.1.tgz",
      "integrity": "sha512-4Uy3zICGvc8+NPUC4mubLumzT/BNF2oeo+7yrN0uo5sOL+64PQXcaekLviU0Q8o8ZujZ9oTYN3X1S6T2C4K2tQ==",
      "bin": {
        "dialog-node": "example.js"
      },
      "engines": {
        "node": "*"
      }
    }
  }
}
